
Microsoft Visual Studio Solution File, Format Version 12.00
# Visual Studio Version 16
VisualStudioVersion = 16.0.29709.97
MinimumVisualStudioVersion = 10.0.40219.1
Project("{FAE04EC0-301F-11D3-BF4B-00C04F79EFBC}") = "EFCosmosNullGetRepro", "EFCosmosNullGetRepro\EFCosmosNullGetRepro.csproj", "{D1A8CE01-E9AE-4663-A4F4-4E7DAEF738A3}"
EndProject
Global
	GlobalSection(SolutionConfigurationPlatforms) = preSolution
		Debug|Any CPU = Debug|Any CPU
		Release|Any CPU = Release|Any CPU
	EndGlobalSection
	GlobalSection(ProjectConfigurationPlatforms) = postSolution
		{D1A8CE01-E9AE-4663-A4F4-4E7DAEF738A3}.Debug|Any CPU.ActiveCfg = Debug|Any CPU
		{D1A8CE01-E9AE-4663-A4F4-4E7DAEF738A3}.Debug|Any CPU.Build.0 = Debug|Any CPU
		{D1A8CE01-E9AE-4663-A4F4-4E7DAEF738A3}.Release|Any CPU.ActiveCfg = Release|Any CPU
		{D1A8CE01-E9AE-4663-A4F4-4E7DAEF738A3}.Release|Any CPU.Build.0 = Release|Any CPU
	EndGlobalSection
	GlobalSection(SolutionProperties) = preSolution
		HideSolutionNode = FALSE
	EndGlobalSection
	GlobalSection(ExtensibilityGlobals) = postSolution
		SolutionGuid = {43B60DDD-473A-4760-A82E-F057F284BBE6}
	EndGlobalSection
EndGlobal
